
Microsoft Visual Studio Solution File, Format Version 12.00
# Visual Studio Version 17
VisualStudioVersion = 17.4.33213.308
MinimumVisualStudioVersion = 10.0.40219.1
Project("{FAE04EC0-301F-11D3-BF4B-00C04F79EFBC}") = "DZ_CS_1_", "DZ_CS_1_.csproj", "{3A71B6D8-CCF3-4869-9B65-704F6D68D054}"
EndProject
Project("{2150E333-8FDC-42A3-9474-1A3956D46DE8}") = "Solution Items", "Solution Items", "{2F416C83-98C7-4791-A29D-6EC51885F727}"
	ProjectSection(SolutionItems) = preProject
		.editorconfig = .editorconfig
	EndProjectSection
EndProject
Global
	GlobalSection(SolutionConfigurationPlatforms) = preSolution
		Debug|Any CPU = Debug|Any CPU
		Release|Any CPU = Release|Any CPU
	EndGlobalSection
	GlobalSection(ProjectConfigurationPlatforms) = postSolution
		{3A71B6D8-CCF3-4869-9B65-704F6D68D054}.Debug|Any CPU.ActiveCfg = Debug|Any CPU
		{3A71B6D8-CCF3-4869-9B65-704F6D68D054}.Debug|Any CPU.Build.0 = Debug|Any CPU
		{3A71B6D8-CCF3-4869-9B65-704F6D68D054}.Release|Any CPU.ActiveCfg = Release|Any CPU
		{3A71B6D8-CCF3-4869-9B65-704F6D68D054}.Release|Any CPU.Build.0 = Release|Any CPU
	EndGlobalSection
	GlobalSection(SolutionProperties) = preSolution
		HideSolutionNode = FALSE
	EndGlobalSection
	GlobalSection(ExtensibilityGlobals) = postSolution
		SolutionGuid = {CF43F322-0A6D-4C5A-AA1E-AB7D2DCDEDB5}
	EndGlobalSection
EndGlobal
